{
	"name": "golden_music",
	"version": "0.0.5",
	"lockfileVersion": 2,
	"requires": true,
	"packages": {
		"": {
			"name": "golden_music",
			"version": "0.0.5",
			"license": "MIT",
			"dependencies": {
				"vulkava": "^1.2.4"
			}
		},
		"node_modules/undici": {
			"version": "5.4.0",
			"resolved": "https://registry.npmjs.org/undici/-/undici-5.4.0.tgz",
			"integrity": "sha512-A1SRXysDg7J+mVP46jF+9cKANw0kptqSFZ8tGyL+HBiv0K1spjxPX8Z4EGu+Eu6pjClJUBdnUPlxrOafR668/g==",
			"engines": {
				"node": ">=12.18"
			}
		},
		"node_modules/vulkava": {
			"version": "1.2.4",
			"resolved": "https://registry.npmjs.org/vulkava/-/vulkava-1.2.4.tgz",
			"integrity": "sha512-fh0BuRh0pZMEA/GqvPdYFOkq+rvATBDjv/WvY0djB015fvykcKzGMKDe/rbRhogrHMzm7EaHaGQgBXHm23Oc9A==",
			"dependencies": {
				"undici": "^5.0.0",
				"ws": "^8.5.0"
			},
			"engines": {
				"node": ">=14.x.x"
			}
		},
		"node_modules/ws": {
			"version": "8.7.0",
			"resolved": "https://registry.npmjs.org/ws/-/ws-8.7.0.tgz",
			"integrity": "sha512-c2gsP0PRwcLFzUiA8Mkr37/MI7ilIlHQxaEAtd0uNMbVMoy8puJyafRlm0bV9MbGSabUPeLrRRaqIBcFcA2Pqg==",
			"engines": {
				"node": ">=10.0.0"
			},
			"peerDependencies": {
				"bufferutil": "^4.0.1",
				"utf-8-validate": "^5.0.2"
			},
			"peerDependenciesMeta": {
				"bufferutil": {
					"optional": true
				},
				"utf-8-validate": {
					"optional": true
				}
			}
		}
	},
	"dependencies": {
		"undici": {
			"version": "5.4.0",
			"resolved": "https://registry.npmjs.org/undici/-/undici-5.4.0.tgz",
			"integrity": "sha512-A1SRXysDg7J+mVP46jF+9cKANw0kptqSFZ8tGyL+HBiv0K1spjxPX8Z4EGu+Eu6pjClJUBdnUPlxrOafR668/g=="
		},
		"vulkava": {
			"version": "1.2.4",
			"resolved": "https://registry.npmjs.org/vulkava/-/vulkava-1.2.4.tgz",
			"integrity": "sha512-fh0BuRh0pZMEA/GqvPdYFOkq+rvATBDjv/WvY0djB015fvykcKzGMKDe/rbRhogrHMzm7EaHaGQgBXHm23Oc9A==",
			"requires": {
				"undici": "^5.0.0",
				"ws": "^8.5.0"
			}
		},
		"ws": {
			"version": "8.7.0",
			"resolved": "https://registry.npmjs.org/ws/-/ws-8.7.0.tgz",
			"integrity": "sha512-c2gsP0PRwcLFzUiA8Mkr37/MI7ilIlHQxaEAtd0uNMbVMoy8puJyafRlm0bV9MbGSabUPeLrRRaqIBcFcA2Pqg==",
			"requires": {}
		}
	}
}
